lockfileVersion: '9.0'

settings:
  autoInstallPeers: true
  excludeLinksFromLockfile: false

importers:

  .:
    dependencies:
      '@trpc/client':
        specifier: 11.0.0-rc.421
        version: 11.0.0-rc.421(@trpc/server@11.0.0-rc.421)
      '@trpc/server':
        specifier: 11.0.0-rc.421
        version: 11.0.0-rc.421
    devDependencies:
      typescript:
        specifier: ^5.5.2
        version: 5.5.2

packages:

  '@trpc/client@11.0.0-rc.421':
    resolution: {integrity: sha512-Ek9g3EEDtNeU35qgys1M7slyQPjwnAX2hHs8JN2AIXjDyfoT8n+ZdLJlJ8n9aoyGyO2LCFfbfyGhi3MeTMNHtg==}
    peerDependencies:
      '@trpc/server': 11.0.0-rc.421+bce4f97e9

  '@trpc/server@11.0.0-rc.421':
    resolution: {integrity: sha512-4epaOaNiqvIDuyA7FfjthKcUvFMfFoKwBTUzhu/xLGeSClgLZ0v+1HWRPPWGFLMu1ZKLHMeeySXhnY4yLFlYjw==}

  typescript@5.5.2:
    resolution: {integrity: sha512-NcRtPEOsPFFWjobJEtfihkLCZCXZt/os3zf8nTxjVH3RvTSxjrCamJpbExGvYOF+tFHc3pA65qpdwPbzjohhew==}
    engines: {node: '>=14.17'}
    hasBin: true

snapshots:

  '@trpc/client@11.0.0-rc.421(@trpc/server@11.0.0-rc.421)':
    dependencies:
      '@trpc/server': 11.0.0-rc.421

  '@trpc/server@11.0.0-rc.421': {}

  typescript@5.5.2: {}
